// !$*UTF8*$!
{
	archiveVersion = 1;
	classes = {
	};
	objectVersion = 56;
	objects = {

/* Begin PBXBuildFile section */
		2D06B8732B14BA0B00DCA1FA /* ChatViewController+UITableViewDataSource.swift in Sources */ = {isa = PBXBuildFile; fileRef = 2D06B8722B14BA0B00DCA1FA /* ChatViewController+UITableViewDataSource.swift */; };
		2D1037032B1BCA96009AAF1B /* ChatViewController+HandleZoomingVideoView.swift in Sources */ = {isa = PBXBuildFile; fileRef = 2D1037022B1BCA96009AAF1B /* ChatViewController+HandleZoomingVideoView.swift */; };
		2D12E2012B3238200074E769 /* ChatDatabaseManager.swift in Sources */ = {isa = PBXBuildFile; fileRef = 2D12E2002B3238200074E769 /* ChatDatabaseManager.swift */; };
		2D2BC1222B0FA39A0014A2C6 /* FirestoreManager.swift in Sources */ = {isa = PBXBuildFile; fileRef = 2D2BC1212B0FA39A0014A2C6 /* FirestoreManager.swift */; };
		2D54B8B42B13DBCE00B4627B /* ChatViewController+HandleZoomingImageView.swift in Sources */ = {isa = PBXBuildFile; fileRef = 2D54B8B32B13DBCE00B4627B /* ChatViewController+HandleZoomingImageView.swift */; };
		2D5A1B332ADAB64D00456C3E /* ChatTableViewCell.swift in Sources */ = {isa = PBXBuildFile; fileRef = 2D5A1B322ADAB64D00456C3E /* ChatTableViewCell.swift */; };
		2D5E141F2AD99A47009CBE98 /* MessageModels.swift in Sources */ = {isa = PBXBuildFile; fileRef = 2D5E141E2AD99A47009CBE98 /* MessageModels.swift */; };
		2D620F862B05862400790672 /* GoogleService-Info.plist in Resources */ = {isa = PBXBuildFile; fileRef = 2D620F852B05862400790672 /* GoogleService-Info.plist */; };
		2D6C07492AA65AFD0036E273 /* AppDelegate.swift in Sources */ = {isa = PBXBuildFile; fileRef = 2D6C07482AA65AFD0036E273 /* AppDelegate.swift */; };
		2D6C074B2AA65AFD0036E273 /* SceneDelegate.swift in Sources */ = {isa = PBXBuildFile; fileRef = 2D6C074A2AA65AFD0036E273 /* SceneDelegate.swift */; };
		2D6C074D2AA65AFD0036E273 /* MainViewController.swift in Sources */ = {isa = PBXBuildFile; fileRef = 2D6C074C2AA65AFD0036E273 /* MainViewController.swift */; };
		2D6C07522AA65AFF0036E273 /* Assets.xcassets in Resources */ = {isa = PBXBuildFile; fileRef = 2D6C07512AA65AFF0036E273 /* Assets.xcassets */; };
		2D6C07552AA65AFF0036E273 /* LaunchScreen.storyboard in Resources */ = {isa = PBXBuildFile; fileRef = 2D6C07532AA65AFF0036E273 /* LaunchScreen.storyboard */; };
		2D7C102F2B13F579009C5C0F /* UINavigationItem+LargeTitleAccessoryView.swift in Sources */ = {isa = PBXBuildFile; fileRef = 2D7C102E2B13F579009C5C0F /* UINavigationItem+LargeTitleAccessoryView.swift */; };
		2D7C10322B1405A6009C5C0F /* ChatifySettingsViewController.swift in Sources */ = {isa = PBXBuildFile; fileRef = 2D7C10312B1405A6009C5C0F /* ChatifySettingsViewController.swift */; };
		2D7E0DBE2B0D5F96009D9A3D /* Inject in Frameworks */ = {isa = PBXBuildFile; productRef = 2D7E0DBD2B0D5F96009D9A3D /* Inject */; };
		2D8963352AC3225F00F5E73F /* Extensions.swift in Sources */ = {isa = PBXBuildFile; fileRef = 2D8963342AC3225F00F5E73F /* Extensions.swift */; };
		2D8CE8242AEB0A8700F67783 /* MessageTableViewCell.swift in Sources */ = {isa = PBXBuildFile; fileRef = 2D8CE8232AEB0A8700F67783 /* MessageTableViewCell.swift */; };
		2DA155082AAE0C540012AFCD /* LoginViewController.swift in Sources */ = {isa = PBXBuildFile; fileRef = 2DA155072AAE0C540012AFCD /* LoginViewController.swift */; };
		2DACA5E92AD6D49F0093EBF4 /* ChatViewController.swift in Sources */ = {isa = PBXBuildFile; fileRef = 2DACA5E82AD6D49E0093EBF4 /* ChatViewController.swift */; };
		2DB3A31F2B4C900B00602114 /* ChatViewController+KeyboardHandle.swift in Sources */ = {isa = PBXBuildFile; fileRef = 2DB3A31E2B4C900B00602114 /* ChatViewController+KeyboardHandle.swift */; };
		2DB4360B2ABB1C9300BF1A60 /* NewMeesageViewController.swift in Sources */ = {isa = PBXBuildFile; fileRef = 2DB4360A2ABB1C9300BF1A60 /* NewMeesageViewController.swift */; };
		2DB4360D2ABB2BE300BF1A60 /* AddNewUserCell.swift in Sources */ = {isa = PBXBuildFile; fileRef = 2DB4360C2ABB2BE300BF1A60 /* AddNewUserCell.swift */; };
		2DB4360F2ABB2F4F00BF1A60 /* User.swift in Sources */ = {isa = PBXBuildFile; fileRef = 2DB4360E2ABB2F4F00BF1A60 /* User.swift */; };
		2DCC3FFD2AC05AAE00156346 /* LoginViewController+Handlers.swift in Sources */ = {isa = PBXBuildFile; fileRef = 2DCC3FFC2AC05AAE00156346 /* LoginViewController+Handlers.swift */; };
		2DD054D32AE174160086664F /* VariableBlurUIView.swift in Sources */ = {isa = PBXBuildFile; fileRef = 2DD054D22AE174160086664F /* VariableBlurUIView.swift */; };
		2DD054D52AE1743A0086664F /* AsImage.swift in Sources */ = {isa = PBXBuildFile; fileRef = 2DD054D42AE1743A0086664F /* AsImage.swift */; };
		2DDBDAE12B0F6FD100991D6D /* InputMessageContainerView.swift in Sources */ = {isa = PBXBuildFile; fileRef = 2DDBDAE02B0F6FD100991D6D /* InputMessageContainerView.swift */; };
		2DFDDC182B163668008915A8 /* LocationPickerViewController.swift in Sources */ = {isa = PBXBuildFile; fileRef = 2DFDDC172B163668008915A8 /* LocationPickerViewController.swift */; };
		2DFDDC1A2B167A9F008915A8 /* LocationSnapshot.swift in Sources */ = {isa = PBXBuildFile; fileRef = 2DFDDC192B167A9F008915A8 /* LocationSnapshot.swift */; };
		B5955674E0BF03A77F653F2C /* Pods_Chatify.framework in Frameworks */ = {isa = PBXBuildFile; fileRef = 5F60F88CBFEFBD673C51F8BE /* Pods_Chatify.framework */; };
/* End PBXBuildFile section */

/* Begin PBXFileReference section */
		2D06B8722B14BA0B00DCA1FA /* ChatViewController+UITableViewDataSource.swift */ = {isa = PBXFileReference; lastKnownFileType = sourcecode.swift; path = "ChatViewController+UITableViewDataSource.swift"; sourceTree = "<group>"; };
		2D1037022B1BCA96009AAF1B /* ChatViewController+HandleZoomingVideoView.swift */ = {isa = PBXFileReference; lastKnownFileType = sourcecode.swift; path = "ChatViewController+HandleZoomingVideoView.swift"; sourceTree = "<group>"; };
		2D12E2002B3238200074E769 /* ChatDatabaseManager.swift */ = {isa = PBXFileReference; lastKnownFileType = sourcecode.swift; path = ChatDatabaseManager.swift; sourceTree = "<group>"; };
		2D2BC1212B0FA39A0014A2C6 /* FirestoreManager.swift */ = {isa = PBXFileReference; lastKnownFileType = sourcecode.swift; path = FirestoreManager.swift; sourceTree = "<group>"; };
		2D54B8B12B1394A900B4627B /* Chatify.entitlements */ = {isa = PBXFileReference; lastKnownFileType = text.plist.entitlements; path = Chatify.entitlements; sourceTree = "<group>"; };
		2D54B8B32B13DBCE00B4627B /* ChatViewController+HandleZoomingImageView.swift */ = {isa = PBXFileReference; lastKnownFileType = sourcecode.swift; path = "ChatViewController+HandleZoomingImageView.swift"; sourceTree = "<group>"; };
		2D5A1B322ADAB64D00456C3E /* ChatTableViewCell.swift */ = {isa = PBXFileReference; lastKnownFileType = sourcecode.swift; path = ChatTableViewCell.swift; sourceTree = "<group>"; };
		2D5E141E2AD99A47009CBE98 /* MessageModels.swift */ = {isa = PBXFileReference; lastKnownFileType = sourcecode.swift; path = MessageModels.swift; sourceTree = "<group>"; };
		2D620F852B05862400790672 /* GoogleService-Info.plist */ = {isa = PBXFileReference; fileEncoding = 4; lastKnownFileType = text.plist.xml; path = "GoogleService-Info.plist"; sourceTree = "<group>"; };
		2D6C07452AA65AFD0036E273 /* Chatify.app */ = {isa = PBXFileReference; explicitFileType = wrapper.application; includeInIndex = 0; path = Chatify.app; sourceTree = BUILT_PRODUCTS_DIR; };
		2D6C07482AA65AFD0036E273 /* AppDelegate.swift */ = {isa = PBXFileReference; lastKnownFileType = sourcecode.swift; path = AppDelegate.swift; sourceTree = "<group>"; };
		2D6C074A2AA65AFD0036E273 /* SceneDelegate.swift */ = {isa = PBXFileReference; lastKnownFileType = sourcecode.swift; path = SceneDelegate.swift; sourceTree = "<group>"; };
		2D6C074C2AA65AFD0036E273 /* MainViewController.swift */ = {isa = PBXFileReference; lastKnownFileType = sourcecode.swift; path = MainViewController.swift; sourceTree = "<group>"; };
		2D6C07512AA65AFF0036E273 /* Assets.xcassets */ = {isa = PBXFileReference; lastKnownFileType = folder.assetcatalog; path = Assets.xcassets; sourceTree = "<group>"; };
		2D6C07542AA65AFF0036E273 /* Base */ = {isa = PBXFileReference; lastKnownFileType = file.storyboard; name = Base; path = Base.lproj/LaunchScreen.storyboard; sourceTree = "<group>"; };
		2D6C07562AA65AFF0036E273 /* Info.plist */ = {isa = PBXFileReference; lastKnownFileType = text.plist.xml; path = Info.plist; sourceTree = "<group>"; };
		2D7C102E2B13F579009C5C0F /* UINavigationItem+LargeTitleAccessoryView.swift */ = {isa = PBXFileReference; lastKnownFileType = sourcecode.swift; path = "UINavigationItem+LargeTitleAccessoryView.swift"; sourceTree = "<group>"; };
		2D7C10312B1405A6009C5C0F /* ChatifySettingsViewController.swift */ = {isa = PBXFileReference; lastKnownFileType = sourcecode.swift; path = ChatifySettingsViewController.swift; sourceTree = "<group>"; };
		2D8963342AC3225F00F5E73F /* Extensions.swift */ = {isa = PBXFileReference; lastKnownFileType = sourcecode.swift; path = Extensions.swift; sourceTree = "<group>"; };
		2D8CE8232AEB0A8700F67783 /* MessageTableViewCell.swift */ = {isa = PBXFileReference; lastKnownFileType = sourcecode.swift; path = MessageTableViewCell.swift; sourceTree = "<group>"; };
		2DA155072AAE0C540012AFCD /* LoginViewController.swift */ = {isa = PBXFileReference; lastKnownFileType = sourcecode.swift; path = LoginViewController.swift; sourceTree = "<group>"; };
		2DACA5E82AD6D49E0093EBF4 /* ChatViewController.swift */ = {isa = PBXFileReference; lastKnownFileType = sourcecode.swift; path = ChatViewController.swift; sourceTree = "<group>"; };
		2DB3A31E2B4C900B00602114 /* ChatViewController+KeyboardHandle.swift */ = {isa = PBXFileReference; lastKnownFileType = sourcecode.swift; path = "ChatViewController+KeyboardHandle.swift"; sourceTree = "<group>"; };
		2DB4360A2ABB1C9300BF1A60 /* NewMeesageViewController.swift */ = {isa = PBXFileReference; lastKnownFileType = sourcecode.swift; path = NewMeesageViewController.swift; sourceTree = "<group>"; };
		2DB4360C2ABB2BE300BF1A60 /* AddNewUserCell.swift */ = {isa = PBXFileReference; lastKnownFileType = sourcecode.swift; path = AddNewUserCell.swift; sourceTree = "<group>"; };
		2DB4360E2ABB2F4F00BF1A60 /* User.swift */ = {isa = PBXFileReference; lastKnownFileType = sourcecode.swift; path = User.swift; sourceTree = "<group>"; };
		2DCC3FFC2AC05AAE00156346 /* LoginViewController+Handlers.swift */ = {isa = PBXFileReference; lastKnownFileType = sourcecode.swift; path = "LoginViewController+Handlers.swift"; sourceTree = "<group>"; };
		2DD054D22AE174160086664F /* VariableBlurUIView.swift */ = {isa = PBXFileReference; lastKnownFileType = sourcecode.swift; path = VariableBlurUIView.swift; sourceTree = "<group>"; };
		2DD054D42AE1743A0086664F /* AsImage.swift */ = {isa = PBXFileReference; lastKnownFileType = sourcecode.swift; path = AsImage.swift; sourceTree = "<group>"; };
		2DDBDAE02B0F6FD100991D6D /* InputMessageContainerView.swift */ = {isa = PBXFileReference; lastKnownFileType = sourcecode.swift; path = InputMessageContainerView.swift; sourceTree = "<group>"; };
		2DFDDC172B163668008915A8 /* LocationPickerViewController.swift */ = {isa = PBXFileReference; lastKnownFileType = sourcecode.swift; path = LocationPickerViewController.swift; sourceTree = "<group>"; };
		2DFDDC192B167A9F008915A8 /* LocationSnapshot.swift */ = {isa = PBXFileReference; lastKnownFileType = sourcecode.swift; path = LocationSnapshot.swift; sourceTree = "<group>"; };
		49701EC90B6FD722D6A0806B /* Pods-Chatify.debug.xcconfig */ = {isa = PBXFileReference; includeInIndex = 1; lastKnownFileType = text.xcconfig; name = "Pods-Chatify.debug.xcconfig"; path = "Target Support Files/Pods-Chatify/Pods-Chatify.debug.xcconfig"; sourceTree = "<group>"; };
		5F60F88CBFEFBD673C51F8BE /* Pods_Chatify.framework */ = {isa = PBXFileReference; explicitFileType = wrapper.framework; includeInIndex = 0; path = Pods_Chatify.framework; sourceTree = BUILT_PRODUCTS_DIR; };
		EE33BC174F8672D934D046C7 /* Pods-Chatify.release.xcconfig */ = {isa = PBXFileReference; includeInIndex = 1; lastKnownFileType = text.xcconfig; name = "Pods-Chatify.release.xcconfig"; path = "Target Support Files/Pods-Chatify/Pods-Chatify.release.xcconfig"; sourceTree = "<group>"; };
/* End PBXFileReference section */

/* Begin PBXFrameworksBuildPhase section */
		2D6C07422AA65AFD0036E273 /* Frameworks */ = {
			isa = PBXFrameworksBuildPhase;
			buildActionMask = 2147483647;
			files = (
				B5955674E0BF03A77F653F2C /* Pods_Chatify.framework in Frameworks */,
				2D7E0DBE2B0D5F96009D9A3D /* Inject in Frameworks */,
			);
			runOnlyForDeploymentPostprocessing = 0;
		};
/* End PBXFrameworksBuildPhase section */

/* Begin PBXGroup section */
		12F2C1324F8F0948D2CD942A /* Pods */ = {
			isa = PBXGroup;
			children = (
				49701EC90B6FD722D6A0806B /* Pods-Chatify.debug.xcconfig */,
				EE33BC174F8672D934D046C7 /* Pods-Chatify.release.xcconfig */,
			);
			path = Pods;
			sourceTree = "<group>";
		};
		2D54B8B22B13DB8A00B4627B /* ChatViewController */ = {
			isa = PBXGroup;
			children = (
				2DACA5E82AD6D49E0093EBF4 /* ChatViewController.swift */,
				2DB3A31E2B4C900B00602114 /* ChatViewController+KeyboardHandle.swift */,
				2D06B8722B14BA0B00DCA1FA /* ChatViewController+UITableViewDataSource.swift */,
				2D1037022B1BCA96009AAF1B /* ChatViewController+HandleZoomingVideoView.swift */,
				2D54B8B32B13DBCE00B4627B /* ChatViewController+HandleZoomingImageView.swift */,
			);
			path = ChatViewController;
			sourceTree = "<group>";
		};
		2D6C073C2AA65AFD0036E273 = {
			isa = PBXGroup;
			children = (
				2D6C07472AA65AFD0036E273 /* Chatify */,
				2D6C07462AA65AFD0036E273 /* Products */,
				12F2C1324F8F0948D2CD942A /* Pods */,
				FE730012190E350F26720480 /* Frameworks */,
			);
			sourceTree = "<group>";
		};
		2D6C07462AA65AFD0036E273 /* Products */ = {
			isa = PBXGroup;
			children = (
				2D6C07452AA65AFD0036E273 /* Chatify.app */,
			);
			name = Products;
			sourceTree = "<group>";
		};
		2D6C07472AA65AFD0036E273 /* Chatify */ = {
			isa = PBXGroup;
			children = (
				2D6C07482AA65AFD0036E273 /* AppDelegate.swift */,
				2D6C074A2AA65AFD0036E273 /* SceneDelegate.swift */,
				2DA155032AADE8F90012AFCD /* Models */,
				2DA155042AADE9230012AFCD /* Views */,
				2DA155022AADE6580012AFCD /* Controllers */,
				2D8963332AC3223500F5E73F /* Helpers */,
				2D6C07512AA65AFF0036E273 /* Assets.xcassets */,
				2D6C07532AA65AFF0036E273 /* LaunchScreen.storyboard */,
				2D6C07562AA65AFF0036E273 /* Info.plist */,
				2D620F852B05862400790672 /* GoogleService-Info.plist */,
				2D54B8B12B1394A900B4627B /* Chatify.entitlements */,
			);
			path = Chatify;
			sourceTree = "<group>";
		};
		2D7C10302B1403E9009C5C0F /* LoginViewController */ = {
			isa = PBXGroup;
			children = (
				2DA155072AAE0C540012AFCD /* LoginViewController.swift */,
				2DCC3FFC2AC05AAE00156346 /* LoginViewController+Handlers.swift */,
			);
			path = LoginViewController;
			sourceTree = "<group>";
		};
		2D8963332AC3223500F5E73F /* Helpers */ = {
			isa = PBXGroup;
			children = (
				2D8963342AC3225F00F5E73F /* Extensions.swift */,
			);
			path = Helpers;
			sourceTree = "<group>";
		};
		2DA155022AADE6580012AFCD /* Controllers */ = {
			isa = PBXGroup;
			children = (
				2D7C10302B1403E9009C5C0F /* LoginViewController */,
				2D6C074C2AA65AFD0036E273 /* MainViewController.swift */,
				2DB4360A2ABB1C9300BF1A60 /* NewMeesageViewController.swift */,
				2D54B8B22B13DB8A00B4627B /* ChatViewController */,
				2DFDDC172B163668008915A8 /* LocationPickerViewController.swift */,
				2D7C10312B1405A6009C5C0F /* ChatifySettingsViewController.swift */,
			);
			path = Controllers;
			sourceTree = "<group>";
		};
		2DA155032AADE8F90012AFCD /* Models */ = {
			isa = PBXGroup;
			children = (
				2DB4360E2ABB2F4F00BF1A60 /* User.swift */,
				2D5E141E2AD99A47009CBE98 /* MessageModels.swift */,
				2D2BC1212B0FA39A0014A2C6 /* FirestoreManager.swift */,
				2D12E2002B3238200074E769 /* ChatDatabaseManager.swift */,
			);
			path = Models;
			sourceTree = "<group>";
		};
		2DA155042AADE9230012AFCD /* Views */ = {
			isa = PBXGroup;
			children = (
				2DD054D12AE173E10086664F /* VariableBlurUI */,
				2DB4360C2ABB2BE300BF1A60 /* AddNewUserCell.swift */,
				2D5A1B322ADAB64D00456C3E /* ChatTableViewCell.swift */,
				2D8CE8232AEB0A8700F67783 /* MessageTableViewCell.swift */,
				2DDBDAE02B0F6FD100991D6D /* InputMessageContainerView.swift */,
				2D7C102E2B13F579009C5C0F /* UINavigationItem+LargeTitleAccessoryView.swift */,
				2DFDDC192B167A9F008915A8 /* LocationSnapshot.swift */,
			);
			path = Views;
			sourceTree = "<group>";
		};
		2DD054D12AE173E10086664F /* VariableBlurUI */ = {
			isa = PBXGroup;
			children = (
				2DD054D22AE174160086664F /* VariableBlurUIView.swift */,
				2DD054D42AE1743A0086664F /* AsImage.swift */,
			);
			path = VariableBlurUI;
			sourceTree = "<group>";
		};
		FE730012190E350F26720480 /* Frameworks */ = {
			isa = PBXGroup;
			children = (
				5F60F88CBFEFBD673C51F8BE /* Pods_Chatify.framework */,
			);
			name = Frameworks;
			sourceTree = "<group>";
		};
/* End PBXGroup section */

/* Begin PBXNativeTarget section */
		2D6C07442AA65AFD0036E273 /* Chatify */ = {
			isa = PBXNativeTarget;
			buildConfigurationList = 2D6C07592AA65AFF0036E273 /* Build configuration list for PBXNativeTarget "Chatify" */;
			buildPhases = (
				DC2729087B9C7018BD015BB1 /* [CP] Check Pods Manifest.lock */,
				2D6C07412AA65AFD0036E273 /* Sources */,
				2D6C07422AA65AFD0036E273 /* Frameworks */,
				2D6C07432AA65AFD0036E273 /* Resources */,
				E67AF455C855339D0E784DC4 /* [CP] Embed Pods Frameworks */,
			);
			buildRules = (
			);
			dependencies = (
			);
			name = Chatify;
			packageProductDependencies = (
				2D7E0DBD2B0D5F96009D9A3D /* Inject */,
			);
			productName = Chatify;
			productReference = 2D6C07452AA65AFD0036E273 /* Chatify.app */;
			productType = "com.apple.product-type.application";
		};
/* End PBXNativeTarget section */

/* Begin PBXProject section */
		2D6C073D2AA65AFD0036E273 /* Project object */ = {
			isa = PBXProject;
			attributes = {
				BuildIndependentTargetsInParallel = 1;
				LastSwiftUpdateCheck = 1430;
				LastUpgradeCheck = 1430;
				TargetAttributes = {
					2D6C07442AA65AFD0036E273 = {
						CreatedOnToolsVersion = 14.3;
					};
				};
			};
			buildConfigurationList = 2D6C07402AA65AFD0036E273 /* Build configuration list for PBXProject "Chatify" */;
			compatibilityVersion = "Xcode 14.0";
			developmentRegion = en;
			hasScannedForEncodings = 0;
			knownRegions = (
				en,
				Base,
			);
			mainGroup = 2D6C073C2AA65AFD0036E273;
			packageReferences = (
				2D7E0DBC2B0D5F96009D9A3D /* XCRemoteSwiftPackageReference "Inject" */,
			);
			productRefGroup = 2D6C07462AA65AFD0036E273 /* Products */;
			projectDirPath = "";
			projectRoot = "";
			targets = (
				2D6C07442AA65AFD0036E273 /* Chatify */,
			);
		};
/* End PBXProject section */

/* Begin PBXResourcesBuildPhase section */
		2D6C07432AA65AFD0036E273 /* Resources */ = {
			isa = PBXResourcesBuildPhase;
			buildActionMask = 2147483647;
			files = (
				2D6C07552AA65AFF0036E273 /* LaunchScreen.storyboard in Resources */,
				2D6C07522AA65AFF0036E273 /* Assets.xcassets in Resources */,
				2D620F862B05862400790672 /* GoogleService-Info.plist in Resources */,
			);
			runOnlyForDeploymentPostprocessing = 0;
		};
/* End PBXResourcesBuildPhase section */

/* Begin PBXShellScriptBuildPhase section */
		DC2729087B9C7018BD015BB1 /* [CP] Check Pods Manifest.lock */ = {
			isa = PBXShellScriptBuildPhase;
			buildActionMask = 2147483647;
			files = (
			);
			inputFileListPaths = (
			);
			inputPaths = (
				"${PODS_PODFILE_DIR_PATH}/Podfile.lock",
				"${PODS_ROOT}/Manifest.lock",
			);
			name = "[CP] Check Pods Manifest.lock";
			outputFileListPaths = (
			);
			outputPaths = (
				"$(DERIVED_FILE_DIR)/Pods-Chatify-checkManifestLockResult.txt",
			);
			runOnlyForDeploymentPostprocessing = 0;
			shellPath = /bin/sh;
			shellScript = "diff \"${PODS_PODFILE_DIR_PATH}/Podfile.lock\" \"${PODS_ROOT}/Manifest.lock\" > /dev/null\nif [ $? != 0 ] ; then\n    # print error to STDERR\n    echo \"error: The sandbox is not in sync with the Podfile.lock. Run 'pod install' or update your CocoaPods installation.\" >&2\n    exit 1\nfi\n# This output is used by Xcode 'outputs' to avoid re-running this script phase.\necho \"SUCCESS\" > \"${SCRIPT_OUTPUT_FILE_0}\"\n";
			showEnvVarsInLog = 0;
		};
		E67AF455C855339D0E784DC4 /* [CP] Embed Pods Frameworks */ = {
			isa = PBXShellScriptBuildPhase;
			buildActionMask = 2147483647;
			files = (
			);
			inputFileListPaths = (
				"${PODS_ROOT}/Target Support Files/Pods-Chatify/Pods-Chatify-frameworks-${CONFIGURATION}-input-files.xcfilelist",
			);
			name = "[CP] Embed Pods Frameworks";
			outputFileListPaths = (
				"${PODS_ROOT}/Target Support Files/Pods-Chatify/Pods-Chatify-frameworks-${CONFIGURATION}-output-files.xcfilelist",
			);
			runOnlyForDeploymentPostprocessing = 0;
			shellPath = /bin/sh;
			shellScript = "\"${PODS_ROOT}/Target Support Files/Pods-Chatify/Pods-Chatify-frameworks.sh\"\n";
			showEnvVarsInLog = 0;
		};
/* End PBXShellScriptBuildPhase section */

/* Begin PBXSourcesBuildPhase section */
		2D6C07412AA65AFD0036E273 /* Sources */ = {
			isa = PBXSourcesBuildPhase;
			buildActionMask = 2147483647;
			files = (
				2DA155082AAE0C540012AFCD /* LoginViewController.swift in Sources */,
				2D12E2012B3238200074E769 /* ChatDatabaseManager.swift in Sources */,
				2D54B8B42B13DBCE00B4627B /* ChatViewController+HandleZoomingImageView.swift in Sources */,
				2DB3A31F2B4C900B00602114 /* ChatViewController+KeyboardHandle.swift in Sources */,
				2DD054D52AE1743A0086664F /* AsImage.swift in Sources */,
				2D8963352AC3225F00F5E73F /* Extensions.swift in Sources */,
				2D6C074D2AA65AFD0036E273 /* MainViewController.swift in Sources */,
				2DFDDC182B163668008915A8 /* LocationPickerViewController.swift in Sources */,
				2DB4360B2ABB1C9300BF1A60 /* NewMeesageViewController.swift in Sources */,
				2D7C10322B1405A6009C5C0F /* ChatifySettingsViewController.swift in Sources */,
				2D6C07492AA65AFD0036E273 /* AppDelegate.swift in Sources */,
				2D6C074B2AA65AFD0036E273 /* SceneDelegate.swift in Sources */,
				2DD054D32AE174160086664F /* VariableBlurUIView.swift in Sources */,
				2D8CE8242AEB0A8700F67783 /* MessageTableViewCell.swift in Sources */,
				2D5E141F2AD99A47009CBE98 /* MessageModels.swift in Sources */,
				2D1037032B1BCA96009AAF1B /* ChatViewController+HandleZoomingVideoView.swift in Sources */,
				2DCC3FFD2AC05AAE00156346 /* LoginViewController+Handlers.swift in Sources */,
				2DB4360D2ABB2BE300BF1A60 /* AddNewUserCell.swift in Sources */,
				2D5A1B332ADAB64D00456C3E /* ChatTableViewCell.swift in Sources */,
				2D06B8732B14BA0B00DCA1FA /* ChatViewController+UITableViewDataSource.swift in Sources */,
				2DDBDAE12B0F6FD100991D6D /* InputMessageContainerView.swift in Sources */,
				2DFDDC1A2B167A9F008915A8 /* LocationSnapshot.swift in Sources */,
				2DACA5E92AD6D49F0093EBF4 /* ChatViewController.swift in Sources */,
				2D7C102F2B13F579009C5C0F /* UINavigationItem+LargeTitleAccessoryView.swift in Sources */,
				2D2BC1222B0FA39A0014A2C6 /* FirestoreManager.swift in Sources */,
				2DB4360F2ABB2F4F00BF1A60 /* User.swift in Sources */,
			);
			runOnlyForDeploymentPostprocessing = 0;
		};
/* End PBXSourcesBuildPhase section */

/* Begin PBXVariantGroup section */
		2D6C07532AA65AFF0036E273 /* LaunchScreen.storyboard */ = {
			isa = PBXVariantGroup;
			children = (
				2D6C07542AA65AFF0036E273 /* Base */,
			);
			name = LaunchScreen.storyboard;
			sourceTree = "<group>";
		};
/* End PBXVariantGroup section */

/* Begin XCBuildConfiguration section */
		2D6C07572AA65AFF0036E273 /* Debug */ = {
			isa = XCBuildConfiguration;
			buildSettings = {
				ALWAYS_SEARCH_USER_PATHS = NO;
				CLANG_ANALYZER_NONNULL = YES;
				CLANG_ANALYZER_NUMBER_OBJECT_CONVERSION = YES_AGGRESSIVE;
				CLANG_CXX_LANGUAGE_STANDARD = "gnu++20";
				CLANG_ENABLE_MODULES = YES;
				CLANG_ENABLE_OBJC_ARC = YES;
				CLANG_ENABLE_OBJC_WEAK = YES;
				CLANG_WARN_BLOCK_CAPTURE_AUTORELEASING = YES;
				CLANG_WARN_BOOL_CONVERSION = YES;
				CLANG_WARN_COMMA = YES;
				CLANG_WARN_CONSTANT_CONVERSION = YES;
				CLANG_WARN_DEPRECATED_OBJC_IMPLEMENTATIONS = YES;
				CLANG_WARN_DIRECT_OBJC_ISA_USAGE = YES_ERROR;
				CLANG_WARN_DOCUMENTATION_COMMENTS = YES;
				CLANG_WARN_EMPTY_BODY = YES;
				CLANG_WARN_ENUM_CONVERSION = YES;
				CLANG_WARN_INFINITE_RECURSION = YES;
				CLANG_WARN_INT_CONVERSION = YES;
				CLANG_WARN_NON_LITERAL_NULL_CONVERSION = YES;
				CLANG_WARN_OBJC_IMPLICIT_RETAIN_SELF = YES;
				CLANG_WARN_OBJC_LITERAL_CONVERSION = YES;
				CLANG_WARN_OBJC_ROOT_CLASS = YES_ERROR;
				CLANG_WARN_QUOTED_INCLUDE_IN_FRAMEWORK_HEADER = YES;
				CLANG_WARN_RANGE_LOOP_ANALYSIS = YES;
				CLANG_WARN_STRICT_PROTOTYPES = YES;
				CLANG_WARN_SUSPICIOUS_MOVE = YES;
				CLANG_WARN_UNGUARDED_AVAILABILITY = YES_AGGRESSIVE;
				CLANG_WARN_UNREACHABLE_CODE = YES;
				CLANG_WARN__DUPLICATE_METHOD_MATCH = YES;
				COPY_PHASE_STRIP = NO;
				DEBUG_INFORMATION_FORMAT = dwarf;
				ENABLE_STRICT_OBJC_MSGSEND = YES;
				ENABLE_TESTABILITY = YES;
				GCC_C_LANGUAGE_STANDARD = gnu11;
				GCC_DYNAMIC_NO_PIC = NO;
				GCC_NO_COMMON_BLOCKS = YES;
				GCC_OPTIMIZATION_LEVEL = 0;
				GCC_PREPROCESSOR_DEFINITIONS = (
					"DEBUG=1",
					"$(inherited)",
				);
				GCC_WARN_64_TO_32_BIT_CONVERSION = YES;
				GCC_WARN_ABOUT_RETURN_TYPE = YES_ERROR;
				GCC_WARN_UNDECLARED_SELECTOR = YES;
				GCC_WARN_UNINITIALIZED_AUTOS = YES_AGGRESSIVE;
				GCC_WARN_UNUSED_FUNCTION = YES;
				GCC_WARN_UNUSED_VARIABLE = YES;
				IPHONEOS_DEPLOYMENT_TARGET = 16.4;
				MTL_ENABLE_DEBUG_INFO = INCLUDE_SOURCE;
				MTL_FAST_MATH = YES;
				ONLY_ACTIVE_ARCH = YES;
				OTHER_LDFLAGS = (
					"-Xlinker",
					"-interposable",
				);
				SDKROOT = iphoneos;
				SWIFT_ACTIVE_COMPILATION_CONDITIONS = DEBUG;
				SWIFT_OPTIMIZATION_LEVEL = "-Onone";
			};
			name = Debug;
		};
		2D6C07582AA65AFF0036E273 /* Release */ = {
			isa = XCBuildConfiguration;
			buildSettings = {
				ALWAYS_SEARCH_USER_PATHS = NO;
				CLANG_ANALYZER_NONNULL = YES;
				CLANG_ANALYZER_NUMBER_OBJECT_CONVERSION = YES_AGGRESSIVE;
				CLANG_CXX_LANGUAGE_STANDARD = "gnu++20";
				CLANG_ENABLE_MODULES = YES;
				CLANG_ENABLE_OBJC_ARC = YES;
				CLANG_ENABLE_OBJC_WEAK = YES;
				CLANG_WARN_BLOCK_CAPTURE_AUTORELEASING = YES;
				CLANG_WARN_BOOL_CONVERSION = YES;
				CLANG_WARN_COMMA = YES;
				CLANG_WARN_CONSTANT_CONVERSION = YES;
				CLANG_WARN_DEPRECATED_OBJC_IMPLEMENTATIONS = YES;
				CLANG_WARN_DIRECT_OBJC_ISA_USAGE = YES_ERROR;
				CLANG_WARN_DOCUMENTATION_COMMENTS = YES;
				CLANG_WARN_EMPTY_BODY = YES;
				CLANG_WARN_ENUM_CONVERSION = YES;
				CLANG_WARN_INFINITE_RECURSION = YES;
				CLANG_WARN_INT_CONVERSION = YES;
				CLANG_WARN_NON_LITERAL_NULL_CONVERSION = YES;
				CLANG_WARN_OBJC_IMPLICIT_RETAIN_SELF = YES;
				CLANG_WARN_OBJC_LITERAL_CONVERSION = YES;
				CLANG_WARN_OBJC_ROOT_CLASS = YES_ERROR;
				CLANG_WARN_QUOTED_INCLUDE_IN_FRAMEWORK_HEADER = YES;
				CLANG_WARN_RANGE_LOOP_ANALYSIS = YES;
				CLANG_WARN_STRICT_PROTOTYPES = YES;
				CLANG_WARN_SUSPICIOUS_MOVE = YES;
				CLANG_WARN_UNGUARDED_AVAILABILITY = YES_AGGRESSIVE;
				CLANG_WARN_UNREACHABLE_CODE = YES;
				CLANG_WARN__DUPLICATE_METHOD_MATCH = YES;
				COPY_PHASE_STRIP = NO;
				DEBUG_INFORMATION_FORMAT = "dwarf-with-dsym";
				ENABLE_NS_ASSERTIONS = NO;
				ENABLE_STRICT_OBJC_MSGSEND = YES;
				GCC_C_LANGUAGE_STANDARD = gnu11;
				GCC_NO_COMMON_BLOCKS = YES;
				GCC_WARN_64_TO_32_BIT_CONVERSION = YES;
				GCC_WARN_ABOUT_RETURN_TYPE = YES_ERROR;
				GCC_WARN_UNDECLARED_SELECTOR = YES;
				GCC_WARN_UNINITIALIZED_AUTOS = YES_AGGRESSIVE;
				GCC_WARN_UNUSED_FUNCTION = YES;
				GCC_WARN_UNUSED_VARIABLE = YES;
				IPHONEOS_DEPLOYMENT_TARGET = 16.4;
				MTL_ENABLE_DEBUG_INFO = NO;
				MTL_FAST_MATH = YES;
				SDKROOT = iphoneos;
				SWIFT_COMPILATION_MODE = wholemodule;
				SWIFT_OPTIMIZATION_LEVEL = "-O";
				VALIDATE_PRODUCT = YES;
			};
			name = Release;
		};
		2D6C075A2AA65AFF0036E273 /* Debug */ = {
			isa = XCBuildConfiguration;
			baseConfigurationReference = 49701EC90B6FD722D6A0806B /* Pods-Chatify.debug.xcconfig */;
			buildSettings = {
				ASSETCATALOG_COMPILER_APPICON_NAME = AppIcon;
				ASSETCATALOG_COMPILER_GLOBAL_ACCENT_COLOR_NAME = AccentColor;
				CODE_SIGN_ENTITLEMENTS = Chatify/Chatify.entitlements;
				CODE_SIGN_STYLE = Automatic;
				CURRENT_PROJECT_VERSION = 1;
				DEVELOPMENT_TEAM = BZ8RNUV8HS;
				GENERATE_INFOPLIST_FILE = YES;
				INFOPLIST_FILE = Chatify/Info.plist;
				INFOPLIST_KEY_CFBundleDisplayName = Chatify;
				INFOPLIST_KEY_LSApplicationCategoryType = "public.app-category.social-networking";
				INFOPLIST_KEY_UIApplicationSupportsIndirectInputEvents = YES;
				INFOPLIST_KEY_UILaunchStoryboardName = LaunchScreen;
				INFOPLIST_KEY_UISupportedInterfaceOrientations_iPad = "UIInterfaceOrientationPortrait UIInterfaceOrientationPortraitUpsideDown UIInterfaceOrientationLandscapeLeft UIInterfaceOrientationLandscapeRight";
				INFOPLIST_KEY_UISupportedInterfaceOrientations_iPhone = "UIInterfaceOrientationPortrait UIInterfaceOrientationLandscapeLeft UIInterfaceOrientationLandscapeRight";
				LD_RUNPATH_SEARCH_PATHS = (
					"$(inherited)",
					"@executable_path/Frameworks",
				);
				MARKETING_VERSION = 1.0;
				PRODUCT_BUNDLE_IDENTIFIER = com.amrmohamad.Chatify;
				PRODUCT_NAME = "$(TARGET_NAME)";
				SWIFT_EMIT_LOC_STRINGS = YES;
				SWIFT_VERSION = 5.0;
				TARGETED_DEVICE_FAMILY = "1,2";
			};
			name = Debug;
		};
		2D6C075B2AA65AFF0036E273 /* Release */ = {
			isa = XCBuildConfiguration;
			baseConfigurationReference = EE33BC174F8672D934D046C7 /* Pods-Chatify.release.xcconfig */;
			buildSettings = {
				ASSETCATALOG_COMPILER_APPICON_NAME = AppIcon;
				ASSETCATALOG_COMPILER_GLOBAL_ACCENT_COLOR_NAME = AccentColor;
				CODE_SIGN_ENTITLEMENTS = Chatify/Chatify.entitlements;
				CODE_SIGN_STYLE = Automatic;
				CURRENT_PROJECT_VERSION = 1;
				DEVELOPMENT_TEAM = BZ8RNUV8HS;
				GENERATE_INFOPLIST_FILE = YES;
				INFOPLIST_FILE = Chatify/Info.plist;
				INFOPLIST_KEY_CFBundleDisplayName = Chatify;
				INFOPLIST_KEY_LSApplicationCategoryType = "public.app-category.social-networking";
				INFOPLIST_KEY_UIApplicationSupportsIndirectInputEvents = YES;
				INFOPLIST_KEY_UILaunchStoryboardName = LaunchScreen;
				INFOPLIST_KEY_UISupportedInterfaceOrientations_iPad = "UIInterfaceOrientationPortrait UIInterfaceOrientationPortraitUpsideDown UIInterfaceOrientationLandscapeLeft UIInterfaceOrientationLandscapeRight";
				INFOPLIST_KEY_UISupportedInterfaceOrientations_iPhone = "UIInterfaceOrientationPortrait UIInterfaceOrientationLandscapeLeft UIInterfaceOrientationLandscapeRight";
				LD_RUNPATH_SEARCH_PATHS = (
					"$(inherited)",
					"@executable_path/Frameworks",
				);
				MARKETING_VERSION = 1.0;
				PRODUCT_BUNDLE_IDENTIFIER = com.amrmohamad.Chatify;
				PRODUCT_NAME = "$(TARGET_NAME)";
				SWIFT_EMIT_LOC_STRINGS = YES;
				SWIFT_VERSION = 5.0;
				TARGETED_DEVICE_FAMILY = "1,2";
			};
			name = Release;
		};
/* End XCBuildConfiguration section */

/* Begin XCConfigurationList section */
		2D6C07402AA65AFD0036E273 /* Build configuration list for PBXProject "Chatify" */ = {
			isa = XCConfigurationList;
			buildConfigurations = (
				2D6C07572AA65AFF0036E273 /* Debug */,
				2D6C07582AA65AFF0036E273 /* Release */,
			);
			defaultConfigurationIsVisible = 0;
			defaultConfigurationName = Release;
		};
		2D6C07592AA65AFF0036E273 /* Build configuration list for PBXNativeTarget "Chatify" */ = {
			isa = XCConfigurationList;
			buildConfigurations = (
				2D6C075A2AA65AFF0036E273 /* Debug */,
				2D6C075B2AA65AFF0036E273 /* Release */,
			);
			defaultConfigurationIsVisible = 0;
			defaultConfigurationName = Release;
		};
/* End XCConfigurationList section */

/* Begin XCRemoteSwiftPackageReference section */
		2D7E0DBC2B0D5F96009D9A3D /* XCRemoteSwiftPackageReference "Inject" */ = {
			isa = XCRemoteSwiftPackageReference;
			repositoryURL = "https://github.com/krzysztofzablocki/Inject.git";
			requirement = {
				kind = upToNextMajorVersion;
				minimumVersion = 1.0.0;
			};
		};
/* End XCRemoteSwiftPackageReference section */

/* Begin XCSwiftPackageProductDependency section */
		2D7E0DBD2B0D5F96009D9A3D /* Inject */ = {
			isa = XCSwiftPackageProductDependency;
			package = 2D7E0DBC2B0D5F96009D9A3D /* XCRemoteSwiftPackageReference "Inject" */;
			productName = Inject;
		};
/* End XCSwiftPackageProductDependency section */
	};
	rootObject = 2D6C073D2AA65AFD0036E273 /* Project object */;
}
