// !$*UTF8*$!
{
	archiveVersion = 1;
	classes = {
	};
	objectVersion = 56;
	objects = {

/* Begin PBXBuildFile section */
		2D250BB92AAF58AE00042158 /* GoogleService-Info.plist in Resources */ = {isa = PBXBuildFile; fileRef = 2D250BB82AAF58AE00042158 /* GoogleService-Info.plist */; };
		2D6C07492AA65AFD0036E273 /* AppDelegate.swift in Sources */ = {isa = PBXBuildFile; fileRef = 2D6C07482AA65AFD0036E273 /* AppDelegate.swift */; };
		2D6C074B2AA65AFD0036E273 /* SceneDelegate.swift in Sources */ = {isa = PBXBuildFile; fileRef = 2D6C074A2AA65AFD0036E273 /* SceneDelegate.swift */; };
		2D6C074D2AA65AFD0036E273 /* MainViewController.swift in Sources */ = {isa = PBXBuildFile; fileRef = 2D6C074C2AA65AFD0036E273 /* MainViewController.swift */; };
		2D6C07522AA65AFF0036E273 /* Assets.xcassets in Resources */ = {isa = PBXBuildFile; fileRef = 2D6C07512AA65AFF0036E273 /* Assets.xcassets */; };
		2D6C07552AA65AFF0036E273 /* LaunchScreen.storyboard in Resources */ = {isa = PBXBuildFile; fileRef = 2D6C07532AA65AFF0036E273 /* LaunchScreen.storyboard */; };
		2DA155082AAE0C540012AFCD /* LoginViewController.swift in Sources */ = {isa = PBXBuildFile; fileRef = 2DA155072AAE0C540012AFCD /* LoginViewController.swift */; };
		B5955674E0BF03A77F653F2C /* Pods_Chatify.framework in Frameworks */ = {isa = PBXBuildFile; fileRef = 5F60F88CBFEFBD673C51F8BE /* Pods_Chatify.framework */; };
/* End PBXBuildFile section */

/* Begin PBXFileReference section */
		2D250BB82AAF58AE00042158 /* GoogleService-Info.plist */ = {isa = PBXFileReference; fileEncoding = 4; lastKnownFileType = text.plist.xml; path = "GoogleService-Info.plist"; sourceTree = "<group>"; };
		2D6C07452AA65AFD0036E273 /* Chatify.app */ = {isa = PBXFileReference; explicitFileType = wrapper.application; includeInIndex = 0; path = Chatify.app; sourceTree = BUILT_PRODUCTS_DIR; };
		2D6C07482AA65AFD0036E273 /* AppDelegate.swift */ = {isa = PBXFileReference; lastKnownFileType = sourcecode.swift; path = AppDelegate.swift; sourceTree = "<group>"; };
		2D6C074A2AA65AFD0036E273 /* SceneDelegate.swift */ = {isa = PBXFileReference; lastKnownFileType = sourcecode.swift; path = SceneDelegate.swift; sourceTree = "<group>"; };
		2D6C074C2AA65AFD0036E273 /* MainViewController.swift */ = {isa = PBXFileReference; lastKnownFileType = sourcecode.swift; path = MainViewController.swift; sourceTree = "<group>"; };
		2D6C07512AA65AFF0036E273 /* Assets.xcassets */ = {isa = PBXFileReference; lastKnownFileType = folder.assetcatalog; path = Assets.xcassets; sourceTree = "<group>"; };
		2D6C07542AA65AFF0036E273 /* Base */ = {isa = PBXFileReference; lastKnownFileType = file.storyboard; name = Base; path = Base.lproj/LaunchScreen.storyboard; sourceTree = "<group>"; };
		2D6C07562AA65AFF0036E273 /* Info.plist */ = {isa = PBXFileReference; lastKnownFileType = text.plist.xml; path = Info.plist; sourceTree = "<group>"; };
		2DA155072AAE0C540012AFCD /* LoginViewController.swift */ = {isa = PBXFileReference; lastKnownFileType = sourcecode.swift; path = LoginViewController.swift; sourceTree = "<group>"; };
		49701EC90B6FD722D6A0806B /* Pods-Chatify.debug.xcconfig */ = {isa = PBXFileReference; includeInIndex = 1; lastKnownFileType = text.xcconfig; name = "Pods-Chatify.debug.xcconfig"; path = "Target Support Files/Pods-Chatify/Pods-Chatify.debug.xcconfig"; sourceTree = "<group>"; };
		5F60F88CBFEFBD673C51F8BE /* Pods_Chatify.framework */ = {isa = PBXFileReference; explicitFileType = wrapper.framework; includeInIndex = 0; path = Pods_Chatify.framework; sourceTree = BUILT_PRODUCTS_DIR; };
		EE33BC174F8672D934D046C7 /* Pods-Chatify.release.xcconfig */ = {isa = PBXFileReference; includeInIndex = 1; lastKnownFileType = text.xcconfig; name = "Pods-Chatify.release.xcconfig"; path = "Target Support Files/Pods-Chatify/Pods-Chatify.release.xcconfig"; sourceTree = "<group>"; };
/* End PBXFileReference section */

/* Begin PBXFrameworksBuildPhase section */
		2D6C07422AA65AFD0036E273 /* Frameworks */ = {
			isa = PBXFrameworksBuildPhase;
			buildActionMask = 2147483647;
			files = (
				B5955674E0BF03A77F653F2C /* Pods_Chatify.framework in Frameworks */,
			);
			runOnlyForDeploymentPostprocessing = 0;
		};
/* End PBXFrameworksBuildPhase section */

/* Begin PBXGroup section */
		12F2C1324F8F0948D2CD942A /* Pods */ = {
			isa = PBXGroup;
			children = (
				49701EC90B6FD722D6A0806B /* Pods-Chatify.debug.xcconfig */,
				EE33BC174F8672D934D046C7 /* Pods-Chatify.release.xcconfig */,
			);
			name = Pods;
			path = Pods;
			sourceTree = "<group>";
		};
		2D6C073C2AA65AFD0036E273 = {
			isa = PBXGroup;
			children = (
				2D6C07472AA65AFD0036E273 /* Chatify */,
				2D6C07462AA65AFD0036E273 /* Products */,
				12F2C1324F8F0948D2CD942A /* Pods */,
				FE730012190E350F26720480 /* Frameworks */,
			);
			sourceTree = "<group>";
		};
		2D6C07462AA65AFD0036E273 /* Products */ = {
			isa = PBXGroup;
			children = (
				2D6C07452AA65AFD0036E273 /* Chatify.app */,
			);
			name = Products;
			sourceTree = "<group>";
		};
		2D6C07472AA65AFD0036E273 /* Chatify */ = {
			isa = PBXGroup;
			children = (
				2D6C07482AA65AFD0036E273 /* AppDelegate.swift */,
				2D6C074A2AA65AFD0036E273 /* SceneDelegate.swift */,
				2DA155032AADE8F90012AFCD /* Models */,
				2DA155042AADE9230012AFCD /* Views */,
				2DA155022AADE6580012AFCD /* Controllers */,
				2D6C07512AA65AFF0036E273 /* Assets.xcassets */,
				2D6C07532AA65AFF0036E273 /* LaunchScreen.storyboard */,
				2D6C07562AA65AFF0036E273 /* Info.plist */,
				2D250BB82AAF58AE00042158 /* GoogleService-Info.plist */,
			);
			path = Chatify;
			sourceTree = "<group>";
		};
		2DA155022AADE6580012AFCD /* Controllers */ = {
			isa = PBXGroup;
			children = (
				2D6C074C2AA65AFD0036E273 /* MainViewController.swift */,
				2DA155072AAE0C540012AFCD /* LoginViewController.swift */,
			);
			path = Controllers;
			sourceTree = "<group>";
		};
		2DA155032AADE8F90012AFCD /* Models */ = {
			isa = PBXGroup;
			children = (
			);
			path = Models;
			sourceTree = "<group>";
		};
		2DA155042AADE9230012AFCD /* Views */ = {
			isa = PBXGroup;
			children = (
			);
			path = Views;
			sourceTree = "<group>";
		};
		FE730012190E350F26720480 /* Frameworks */ = {
			isa = PBXGroup;
			children = (
				5F60F88CBFEFBD673C51F8BE /* Pods_Chatify.framework */,
			);
			name = Frameworks;
			sourceTree = "<group>";
		};
/* End PBXGroup section */

/* Begin PBXNativeTarget section */
		2D6C07442AA65AFD0036E273 /* Chatify */ = {
			isa = PBXNativeTarget;
			buildConfigurationList = 2D6C07592AA65AFF0036E273 /* Build configuration list for PBXNativeTarget "Chatify" */;
			buildPhases = (
				DC2729087B9C7018BD015BB1 /* [CP] Check Pods Manifest.lock */,
				2D6C07412AA65AFD0036E273 /* Sources */,
				2D6C07422AA65AFD0036E273 /* Frameworks */,
				2D6C07432AA65AFD0036E273 /* Resources */,
				E67AF455C855339D0E784DC4 /* [CP] Embed Pods Frameworks */,
			);
			buildRules = (
			);
			dependencies = (
			);
			name = Chatify;
			productName = Chatify;
			productReference = 2D6C07452AA65AFD0036E273 /* Chatify.app */;
			productType = "com.apple.product-type.application";
		};
/* End PBXNativeTarget section */

/* Begin PBXProject section */
		2D6C073D2AA65AFD0036E273 /* Project object */ = {
			isa = PBXProject;
			attributes = {
				BuildIndependentTargetsInParallel = 1;
				LastSwiftUpdateCheck = 1430;
				LastUpgradeCheck = 1430;
				TargetAttributes = {
					2D6C07442AA65AFD0036E273 = {
						CreatedOnToolsVersion = 14.3;
					};
				};
			};
			buildConfigurationList = 2D6C07402AA65AFD0036E273 /* Build configuration list for PBXProject "Chatify" */;
			compatibilityVersion = "Xcode 14.0";
			developmentRegion = en;
			hasScannedForEncodings = 0;
			knownRegions = (
				en,
				Base,
			);
			mainGroup = 2D6C073C2AA65AFD0036E273;
			productRefGroup = 2D6C07462AA65AFD0036E273 /* Products */;
			projectDirPath = "";
			projectRoot = "";
			targets = (
				2D6C07442AA65AFD0036E273 /* Chatify */,
			);
		};
/* End PBXProject section */

/* Begin PBXResourcesBuildPhase section */
		2D6C07432AA65AFD0036E273 /* Resources */ = {
			isa = PBXResourcesBuildPhase;
			buildActionMask = 2147483647;
			files = (
				2D6C07552AA65AFF0036E273 /* LaunchScreen.storyboard in Resources */,
				2D6C07522AA65AFF0036E273 /* Assets.xcassets in Resources */,
				2D250BB92AAF58AE00042158 /* GoogleService-Info.plist in Resources */,
			);
			runOnlyForDeploymentPostprocessing = 0;
		};
/* End PBXResourcesBuildPhase section */

/* Begin PBXShellScriptBuildPhase section */
		DC2729087B9C7018BD015BB1 /* [CP] Check Pods Manifest.lock */ = {
			isa = PBXShellScriptBuildPhase;
			buildActionMask = 2147483647;
			files = (
			);
			inputFileListPaths = (
			);
			inputPaths = (
				"${PODS_PODFILE_DIR_PATH}/Podfile.lock",
				"${PODS_ROOT}/Manifest.lock",
			);
			name = "[CP] Check Pods Manifest.lock";
			outputFileListPaths = (
			);
			outputPaths = (
				"$(DERIVED_FILE_DIR)/Pods-Chatify-checkManifestLockResult.txt",
			);
			runOnlyForDeploymentPostprocessing = 0;
			shellPath = /bin/sh;
			shellScript = "diff \"${PODS_PODFILE_DIR_PATH}/Podfile.lock\" \"${PODS_ROOT}/Manifest.lock\" > /dev/null\nif [ $? != 0 ] ; then\n    # print error to STDERR\n    echo \"error: The sandbox is not in sync with the Podfile.lock. Run 'pod install' or update your CocoaPods installation.\" >&2\n    exit 1\nfi\n# This output is used by Xcode 'outputs' to avoid re-running this script phase.\necho \"SUCCESS\" > \"${SCRIPT_OUTPUT_FILE_0}\"\n";
			showEnvVarsInLog = 0;
		};
		E67AF455C855339D0E784DC4 /* [CP] Embed Pods Frameworks */ = {
			isa = PBXShellScriptBuildPhase;
			buildActionMask = 2147483647;
			files = (
			);
			inputFileListPaths = (
				"${PODS_ROOT}/Target Support Files/Pods-Chatify/Pods-Chatify-frameworks-${CONFIGURATION}-input-files.xcfilelist",
			);
			name = "[CP] Embed Pods Frameworks";
			outputFileListPaths = (
				"${PODS_ROOT}/Target Support Files/Pods-Chatify/Pods-Chatify-frameworks-${CONFIGURATION}-output-files.xcfilelist",
			);
			runOnlyForDeploymentPostprocessing = 0;
			shellPath = /bin/sh;
			shellScript = "\"${PODS_ROOT}/Target Support Files/Pods-Chatify/Pods-Chatify-frameworks.sh\"\n";
			showEnvVarsInLog = 0;
		};
/* End PBXShellScriptBuildPhase section */

/* Begin PBXSourcesBuildPhase section */
		2D6C07412AA65AFD0036E273 /* Sources */ = {
			isa = PBXSourcesBuildPhase;
			buildActionMask = 2147483647;
			files = (
				2DA155082AAE0C540012AFCD /* LoginViewController.swift in Sources */,
				2D6C074D2AA65AFD0036E273 /* MainViewController.swift in Sources */,
				2D6C07492AA65AFD0036E273 /* AppDelegate.swift in Sources */,
				2D6C074B2AA65AFD0036E273 /* SceneDelegate.swift in Sources */,
			);
			runOnlyForDeploymentPostprocessing = 0;
		};
/* End PBXSourcesBuildPhase section */

/* Begin PBXVariantGroup section */
		2D6C07532AA65AFF0036E273 /* LaunchScreen.storyboard */ = {
			isa = PBXVariantGroup;
			children = (
				2D6C07542AA65AFF0036E273 /* Base */,
			);
			name = LaunchScreen.storyboard;
			sourceTree = "<group>";
		};
/* End PBXVariantGroup section */

/* Begin XCBuildConfiguration section */
		2D6C07572AA65AFF0036E273 /* Debug */ = {
			isa = XCBuildConfiguration;
			buildSettings = {
				ALWAYS_SEARCH_USER_PATHS = NO;
				CLANG_ANALYZER_NONNULL = YES;
				CLANG_ANALYZER_NUMBER_OBJECT_CONVERSION = YES_AGGRESSIVE;
				CLANG_CXX_LANGUAGE_STANDARD = "gnu++20";
				CLANG_ENABLE_MODULES = YES;
				CLANG_ENABLE_OBJC_ARC = YES;
				CLANG_ENABLE_OBJC_WEAK = YES;
				CLANG_WARN_BLOCK_CAPTURE_AUTORELEASING = YES;
				CLANG_WARN_BOOL_CONVERSION = YES;
				CLANG_WARN_COMMA = YES;
				CLANG_WARN_CONSTANT_CONVERSION = YES;
				CLANG_WARN_DEPRECATED_OBJC_IMPLEMENTATIONS = YES;
				CLANG_WARN_DIRECT_OBJC_ISA_USAGE = YES_ERROR;
				CLANG_WARN_DOCUMENTATION_COMMENTS = YES;
				CLANG_WARN_EMPTY_BODY = YES;
				CLANG_WARN_ENUM_CONVERSION = YES;
				CLANG_WARN_INFINITE_RECURSION = YES;
				CLANG_WARN_INT_CONVERSION = YES;
				CLANG_WARN_NON_LITERAL_NULL_CONVERSION = YES;
				CLANG_WARN_OBJC_IMPLICIT_RETAIN_SELF = YES;
				CLANG_WARN_OBJC_LITERAL_CONVERSION = YES;
				CLANG_WARN_OBJC_ROOT_CLASS = YES_ERROR;
				CLANG_WARN_QUOTED_INCLUDE_IN_FRAMEWORK_HEADER = YES;
				CLANG_WARN_RANGE_LOOP_ANALYSIS = YES;
				CLANG_WARN_STRICT_PROTOTYPES = YES;
				CLANG_WARN_SUSPICIOUS_MOVE = YES;
				CLANG_WARN_UNGUARDED_AVAILABILITY = YES_AGGRESSIVE;
				CLANG_WARN_UNREACHABLE_CODE = YES;
				CLANG_WARN__DUPLICATE_METHOD_MATCH = YES;
				COPY_PHASE_STRIP = NO;
				DEBUG_INFORMATION_FORMAT = dwarf;
				ENABLE_STRICT_OBJC_MSGSEND = YES;
				ENABLE_TESTABILITY = YES;
				GCC_C_LANGUAGE_STANDARD = gnu11;
				GCC_DYNAMIC_NO_PIC = NO;
				GCC_NO_COMMON_BLOCKS = YES;
				GCC_OPTIMIZATION_LEVEL = 0;
				GCC_PREPROCESSOR_DEFINITIONS = (
					"DEBUG=1",
					"$(inherited)",
				);
				GCC_WARN_64_TO_32_BIT_CONVERSION = YES;
				GCC_WARN_ABOUT_RETURN_TYPE = YES_ERROR;
				GCC_WARN_UNDECLARED_SELECTOR = YES;
				GCC_WARN_UNINITIALIZED_AUTOS = YES_AGGRESSIVE;
				GCC_WARN_UNUSED_FUNCTION = YES;
				GCC_WARN_UNUSED_VARIABLE = YES;
				IPHONEOS_DEPLOYMENT_TARGET = 16.4;
				MTL_ENABLE_DEBUG_INFO = INCLUDE_SOURCE;
				MTL_FAST_MATH = YES;
				ONLY_ACTIVE_ARCH = YES;
				SDKROOT = iphoneos;
				SWIFT_ACTIVE_COMPILATION_CONDITIONS = DEBUG;
				SWIFT_OPTIMIZATION_LEVEL = "-Onone";
			};
			name = Debug;
		};
		2D6C07582AA65AFF0036E273 /* Release */ = {
			isa = XCBuildConfiguration;
			buildSettings = {
				ALWAYS_SEARCH_USER_PATHS = NO;
				CLANG_ANALYZER_NONNULL = YES;
				CLANG_ANALYZER_NUMBER_OBJECT_CONVERSION = YES_AGGRESSIVE;
				CLANG_CXX_LANGUAGE_STANDARD = "gnu++20";
				CLANG_ENABLE_MODULES = YES;
				CLANG_ENABLE_OBJC_ARC = YES;
				CLANG_ENABLE_OBJC_WEAK = YES;
				CLANG_WARN_BLOCK_CAPTURE_AUTORELEASING = YES;
				CLANG_WARN_BOOL_CONVERSION = YES;
				CLANG_WARN_COMMA = YES;
				CLANG_WARN_CONSTANT_CONVERSION = YES;
				CLANG_WARN_DEPRECATED_OBJC_IMPLEMENTATIONS = YES;
				CLANG_WARN_DIRECT_OBJC_ISA_USAGE = YES_ERROR;
				CLANG_WARN_DOCUMENTATION_COMMENTS = YES;
				CLANG_WARN_EMPTY_BODY = YES;
				CLANG_WARN_ENUM_CONVERSION = YES;
				CLANG_WARN_INFINITE_RECURSION = YES;
				CLANG_WARN_INT_CONVERSION = YES;
				CLANG_WARN_NON_LITERAL_NULL_CONVERSION = YES;
				CLANG_WARN_OBJC_IMPLICIT_RETAIN_SELF = YES;
				CLANG_WARN_OBJC_LITERAL_CONVERSION = YES;
				CLANG_WARN_OBJC_ROOT_CLASS = YES_ERROR;
				CLANG_WARN_QUOTED_INCLUDE_IN_FRAMEWORK_HEADER = YES;
				CLANG_WARN_RANGE_LOOP_ANALYSIS = YES;
				CLANG_WARN_STRICT_PROTOTYPES = YES;
				CLANG_WARN_SUSPICIOUS_MOVE = YES;
				CLANG_WARN_UNGUARDED_AVAILABILITY = YES_AGGRESSIVE;
				CLANG_WARN_UNREACHABLE_CODE = YES;
				CLANG_WARN__DUPLICATE_METHOD_MATCH = YES;
				COPY_PHASE_STRIP = NO;
				DEBUG_INFORMATION_FORMAT = "dwarf-with-dsym";
				ENABLE_NS_ASSERTIONS = NO;
				ENABLE_STRICT_OBJC_MSGSEND = YES;
				GCC_C_LANGUAGE_STANDARD = gnu11;
				GCC_NO_COMMON_BLOCKS = YES;
				GCC_WARN_64_TO_32_BIT_CONVERSION = YES;
				GCC_WARN_ABOUT_RETURN_TYPE = YES_ERROR;
				GCC_WARN_UNDECLARED_SELECTOR = YES;
				GCC_WARN_UNINITIALIZED_AUTOS = YES_AGGRESSIVE;
				GCC_WARN_UNUSED_FUNCTION = YES;
				GCC_WARN_UNUSED_VARIABLE = YES;
				IPHONEOS_DEPLOYMENT_TARGET = 16.4;
				MTL_ENABLE_DEBUG_INFO = NO;
				MTL_FAST_MATH = YES;
				SDKROOT = iphoneos;
				SWIFT_COMPILATION_MODE = wholemodule;
				SWIFT_OPTIMIZATION_LEVEL = "-O";
				VALIDATE_PRODUCT = YES;
			};
			name = Release;
		};
		2D6C075A2AA65AFF0036E273 /* Debug */ = {
			isa = XCBuildConfiguration;
			baseConfigurationReference = 49701EC90B6FD722D6A0806B /* Pods-Chatify.debug.xcconfig */;
			buildSettings = {
				ASSETCATALOG_COMPILER_APPICON_NAME = AppIcon;
				ASSETCATALOG_COMPILER_GLOBAL_ACCENT_COLOR_NAME = AccentColor;
				CODE_SIGN_STYLE = Automatic;
				CURRENT_PROJECT_VERSION = 1;
				GENERATE_INFOPLIST_FILE = YES;
				INFOPLIST_FILE = Chatify/Info.plist;
				INFOPLIST_KEY_LSApplicationCategoryType = "public.app-category.social-networking";
				INFOPLIST_KEY_UIApplicationSupportsIndirectInputEvents = YES;
				INFOPLIST_KEY_UILaunchStoryboardName = LaunchScreen;
				INFOPLIST_KEY_UISupportedInterfaceOrientations_iPad = "UIInterfaceOrientationPortrait UIInterfaceOrientationPortraitUpsideDown UIInterfaceOrientationLandscapeLeft UIInterfaceOrientationLandscapeRight";
				INFOPLIST_KEY_UISupportedInterfaceOrientations_iPhone = "UIInterfaceOrientationPortrait UIInterfaceOrientationLandscapeLeft UIInterfaceOrientationLandscapeRight";
				LD_RUNPATH_SEARCH_PATHS = (
					"$(inherited)",
					"@executable_path/Frameworks",
				);
				MARKETING_VERSION = 1.0;
				PRODUCT_BUNDLE_IDENTIFIER = com.amrmohamad.Chatify;
				PRODUCT_NAME = "$(TARGET_NAME)";
				SWIFT_EMIT_LOC_STRINGS = YES;
				SWIFT_VERSION = 5.0;
				TARGETED_DEVICE_FAMILY = "1,2";
			};
			name = Debug;
		};
		2D6C075B2AA65AFF0036E273 /* Release */ = {
			isa = XCBuildConfiguration;
			baseConfigurationReference = EE33BC174F8672D934D046C7 /* Pods-Chatify.release.xcconfig */;
			buildSettings = {
				ASSETCATALOG_COMPILER_APPICON_NAME = AppIcon;
				ASSETCATALOG_COMPILER_GLOBAL_ACCENT_COLOR_NAME = AccentColor;
				CODE_SIGN_STYLE = Automatic;
				CURRENT_PROJECT_VERSION = 1;
				GENERATE_INFOPLIST_FILE = YES;
				INFOPLIST_FILE = Chatify/Info.plist;
				INFOPLIST_KEY_LSApplicationCategoryType = "public.app-category.social-networking";
				INFOPLIST_KEY_UIApplicationSupportsIndirectInputEvents = YES;
				INFOPLIST_KEY_UILaunchStoryboardName = LaunchScreen;
				INFOPLIST_KEY_UISupportedInterfaceOrientations_iPad = "UIInterfaceOrientationPortrait UIInterfaceOrientationPortraitUpsideDown UIInterfaceOrientationLandscapeLeft UIInterfaceOrientationLandscapeRight";
				INFOPLIST_KEY_UISupportedInterfaceOrientations_iPhone = "UIInterfaceOrientationPortrait UIInterfaceOrientationLandscapeLeft UIInterfaceOrientationLandscapeRight";
				LD_RUNPATH_SEARCH_PATHS = (
					"$(inherited)",
					"@executable_path/Frameworks",
				);
				MARKETING_VERSION = 1.0;
				PRODUCT_BUNDLE_IDENTIFIER = com.amrmohamad.Chatify;
				PRODUCT_NAME = "$(TARGET_NAME)";
				SWIFT_EMIT_LOC_STRINGS = YES;
				SWIFT_VERSION = 5.0;
				TARGETED_DEVICE_FAMILY = "1,2";
			};
			name = Release;
		};
/* End XCBuildConfiguration section */

/* Begin XCConfigurationList section */
		2D6C07402AA65AFD0036E273 /* Build configuration list for PBXProject "Chatify" */ = {
			isa = XCConfigurationList;
			buildConfigurations = (
				2D6C07572AA65AFF0036E273 /* Debug */,
				2D6C07582AA65AFF0036E273 /* Release */,
			);
			defaultConfigurationIsVisible = 0;
			defaultConfigurationName = Release;
		};
		2D6C07592AA65AFF0036E273 /* Build configuration list for PBXNativeTarget "Chatify" */ = {
			isa = XCConfigurationList;
			buildConfigurations = (
				2D6C075A2AA65AFF0036E273 /* Debug */,
				2D6C075B2AA65AFF0036E273 /* Release */,
			);
			defaultConfigurationIsVisible = 0;
			defaultConfigurationName = Release;
		};
/* End XCConfigurationList section */
	};
	rootObject = 2D6C073D2AA65AFD0036E273 /* Project object */;
}
